
Microsoft Visual Studio Solution File, Format Version 12.00
# Visual Studio 2013
VisualStudioVersion = 12.0.21005.1
MinimumVisualStudioVersion = 10.0.40219.1
Project("{FAE04EC0-301F-11D3-BF4B-00C04F79EFBC}") = "Data.EntityFramework", "Data.EntityFramework\Data.EntityFramework.csproj", "{7D155944-DD2F-4761-96B2-746302852A38}"
EndProject
Project("{FAE04EC0-301F-11D3-BF4B-00C04F79EFBC}") = "DevChallenge", "DevChallenge\DevChallenge.csproj", "{1B241A83-E96E-41C2-988E-41614D4E4554}"
EndProject
Project("{FAE04EC0-301F-11D3-BF4B-00C04F79EFBC}") = "Data.Interfaces", "Data.Interfaces\Data.Interfaces.csproj", "{D1AF3AFE-9EBE-4960-975E-82A52D720FCC}"
EndProject
Global
	GlobalSection(SolutionConfigurationPlatforms) = preSolution
		Debug|Any CPU = Debug|Any CPU
		Release|Any CPU = Release|Any CPU
	EndGlobalSection
	GlobalSection(ProjectConfigurationPlatforms) = postSolution
		{7D155944-DD2F-4761-96B2-746302852A38}.Debug|Any CPU.ActiveCfg = Debug|Any CPU
		{7D155944-DD2F-4761-96B2-746302852A38}.Debug|Any CPU.Build.0 = Debug|Any CPU
		{7D155944-DD2F-4761-96B2-746302852A38}.Release|Any CPU.ActiveCfg = Release|Any CPU
		{7D155944-DD2F-4761-96B2-746302852A38}.Release|Any CPU.Build.0 = Release|Any CPU
		{1B241A83-E96E-41C2-988E-41614D4E4554}.Debug|Any CPU.ActiveCfg = Debug|Any CPU
		{1B241A83-E96E-41C2-988E-41614D4E4554}.Debug|Any CPU.Build.0 = Debug|Any CPU
		{1B241A83-E96E-41C2-988E-41614D4E4554}.Release|Any CPU.ActiveCfg = Release|Any CPU
		{1B241A83-E96E-41C2-988E-41614D4E4554}.Release|Any CPU.Build.0 = Release|Any CPU
		{D1AF3AFE-9EBE-4960-975E-82A52D720FCC}.Debug|Any CPU.ActiveCfg = Debug|Any CPU
		{D1AF3AFE-9EBE-4960-975E-82A52D720FCC}.Debug|Any CPU.Build.0 = Debug|Any CPU
		{D1AF3AFE-9EBE-4960-975E-82A52D720FCC}.Release|Any CPU.ActiveCfg = Release|Any CPU
		{D1AF3AFE-9EBE-4960-975E-82A52D720FCC}.Release|Any CPU.Build.0 = Release|Any CPU
	EndGlobalSection
	GlobalSection(SolutionProperties) = preSolution
		HideSolutionNode = FALSE
	EndGlobalSection
EndGlobal
